// !$*UTF8*$!
{
	archiveVersion = 1;
	classes = {
	};
	objectVersion = 46;
	objects = {

/* Begin PBXBuildFile section */
		96598476167091E200C7B15C /* LineEdit.m in Sources */ = {isa = PBXBuildFile; fileRef = 96598475167091E200C7B15C /* LineEdit.m */; };
		96698334166E06CE007023E9 /* UIKit.framework in Frameworks */ = {isa = PBXBuildFile; fileRef = 96698333166E06CE007023E9 /* UIKit.framework */; };
		96698336166E06CE007023E9 /* Foundation.framework in Frameworks */ = {isa = PBXBuildFile; fileRef = 96698335166E06CE007023E9 /* Foundation.framework */; };
		96698338166E06CE007023E9 /* CoreGraphics.framework in Frameworks */ = {isa = PBXBuildFile; fileRef = 96698337166E06CE007023E9 /* CoreGraphics.framework */; };
		9669833E166E06CE007023E9 /* InfoPlist.strings in Resources */ = {isa = PBXBuildFile; fileRef = 9669833C166E06CE007023E9 /* InfoPlist.strings */; };
		96698340166E06CE007023E9 /* main.m in Sources */ = {isa = PBXBuildFile; fileRef = 9669833F166E06CE007023E9 /* main.m */; };
		96698344166E06CE007023E9 /* AppDelegate.m in Sources */ = {isa = PBXBuildFile; fileRef = 96698343166E06CE007023E9 /* AppDelegate.m */; };
		96698346166E06CE007023E9 /* Default.png in Resources */ = {isa = PBXBuildFile; fileRef = 96698345166E06CE007023E9 /* Default.png */; };
		96698348166E06CE007023E9 /* Default@2x.png in Resources */ = {isa = PBXBuildFile; fileRef = 96698347166E06CE007023E9 /* Default@2x.png */; };
		9669834A166E06CE007023E9 /* Default-568h@2x.png in Resources */ = {isa = PBXBuildFile; fileRef = 96698349166E06CE007023E9 /* Default-568h@2x.png */; };
		9669834D166E06CE007023E9 /* ViewController.m in Sources */ = {isa = PBXBuildFile; fileRef = 9669834C166E06CE007023E9 /* ViewController.m */; };
		96698350166E06CE007023E9 /* ViewController.xib in Resources */ = {isa = PBXBuildFile; fileRef = 9669834E166E06CE007023E9 /* ViewController.xib */; };
/* End PBXBuildFile section */

/* Begin PBXFileReference section */
		96598474167091E200C7B15C /* LineEdit.h */ = {isa = PBXFileReference; fileEncoding = 4; lastKnownFileType = sourcecode.c.h; path = LineEdit.h; sourceTree = "<group>"; };
		96598475167091E200C7B15C /* LineEdit.m */ = {isa = PBXFileReference; fileEncoding = 4; lastKnownFileType = sourcecode.c.objc; path = LineEdit.m; sourceTree = "<group>"; };
		9662700B166E09CB00C44FF5 /* DrawingView.h */ = {isa = PBXFileReference; lastKnownFileType = sourcecode.c.h; path = DrawingView.h; sourceTree = "<group>"; };
		9662700C166E09CB00C44FF5 /* DrawingView.m */ = {isa = PBXFileReference; lastKnownFileType = sourcecode.c.objc; path = DrawingView.m; sourceTree = "<group>"; };
		9669832F166E06CE007023E9 /* Rakugaki04.app */ = {isa = PBXFileReference; explicitFileType = wrapper.application; includeInIndex = 0; path = Rakugaki04.app; sourceTree = BUILT_PRODUCTS_DIR; };
		96698333166E06CE007023E9 /* UIKit.framework */ = {isa = PBXFileReference; lastKnownFileType = wrapper.framework; name = UIKit.framework; path = System/Library/Frameworks/UIKit.framework; sourceTree = SDKROOT; };
		96698335166E06CE007023E9 /* Foundation.framework */ = {isa = PBXFileReference; lastKnownFileType = wrapper.framework; name = Foundation.framework; path = System/Library/Frameworks/Foundation.framework; sourceTree = SDKROOT; };
		96698337166E06CE007023E9 /* CoreGraphics.framework */ = {isa = PBXFileReference; lastKnownFileType = wrapper.framework; name = CoreGraphics.framework; path = System/Library/Frameworks/CoreGraphics.framework; sourceTree = SDKROOT; };
		9669833B166E06CE007023E9 /* Rakugaki04-Info.plist */ = {isa = PBXFileReference; lastKnownFileType = text.plist.xml; path = "Rakugaki04-Info.plist"; sourceTree = "<group>"; };
		9669833D166E06CE007023E9 /* en */ = {isa = PBXFileReference; lastKnownFileType = text.plist.strings; name = en; path = en.lproj/InfoPlist.strings; sourceTree = "<group>"; };
		9669833F166E06CE007023E9 /* main.m */ = {isa = PBXFileReference; lastKnownFileType = sourcecode.c.objc; path = main.m; sourceTree = "<group>"; };
		96698341166E06CE007023E9 /* Rakugaki04-Prefix.pch */ = {isa = PBXFileReference; lastKnownFileType = sourcecode.c.h; path = "Rakugaki04-Prefix.pch"; sourceTree = "<group>"; };
		96698342166E06CE007023E9 /* AppDelegate.h */ = {isa = PBXFileReference; lastKnownFileType = sourcecode.c.h; path = AppDelegate.h; sourceTree = "<group>"; };
		96698343166E06CE007023E9 /* AppDelegate.m */ = {isa = PBXFileReference; lastKnownFileType = sourcecode.c.objc; path = AppDelegate.m; sourceTree = "<group>"; };
		96698345166E06CE007023E9 /* Default.png */ = {isa = PBXFileReference; lastKnownFileType = image.png; path = Default.png; sourceTree = "<group>"; };
		96698347166E06CE007023E9 /* Default@2x.png */ = {isa = PBXFileReference; lastKnownFileType = image.png; path = "Default@2x.png"; sourceTree = "<group>"; };
		96698349166E06CE007023E9 /* Default-568h@2x.png */ = {isa = PBXFileReference; lastKnownFileType = image.png; path = "Default-568h@2x.png"; sourceTree = "<group>"; };
		9669834B166E06CE007023E9 /* ViewController.h */ = {isa = PBXFileReference; lastKnownFileType = sourcecode.c.h; path = ViewController.h; sourceTree = "<group>"; };
		9669834C166E06CE007023E9 /* ViewController.m */ = {isa = PBXFileReference; lastKnownFileType = sourcecode.c.objc; path = ViewController.m; sourceTree = "<group>"; };
		9669834F166E06CE007023E9 /* en */ = {isa = PBXFileReference; lastKnownFileType = file.xib; name = en; path = en.lproj/ViewController.xib; sourceTree = "<group>"; };
/* End PBXFileReference section */

/* Begin PBXFrameworksBuildPhase section */
		9669832C166E06CE007023E9 /* Frameworks */ = {
			isa = PBXFrameworksBuildPhase;
			buildActionMask = 2147483647;
			files = (
				96698334166E06CE007023E9 /* UIKit.framework in Frameworks */,
				96698336166E06CE007023E9 /* Foundation.framework in Frameworks */,
				96698338166E06CE007023E9 /* CoreGraphics.framework in Frameworks */,
			);
			runOnlyForDeploymentPostprocessing = 0;
		};
/* End PBXFrameworksBuildPhase section */

/* Begin PBXGroup section */
		96627007166E099E00C44FF5 /* View */ = {
			isa = PBXGroup;
			children = (
				9669834B166E06CE007023E9 /* ViewController.h */,
				9669834C166E06CE007023E9 /* ViewController.m */,
				9669834E166E06CE007023E9 /* ViewController.xib */,
			);
			name = View;
			sourceTree = "<group>";
		};
		96627009166E09A300C44FF5 /* Delegate */ = {
			isa = PBXGroup;
			children = (
				96698342166E06CE007023E9 /* AppDelegate.h */,
				96698343166E06CE007023E9 /* AppDelegate.m */,
			);
			name = Delegate;
			sourceTree = "<group>";
		};
		9662700A166E09AB00C44FF5 /* Class */ = {
			isa = PBXGroup;
			children = (
				9662700B166E09CB00C44FF5 /* DrawingView.h */,
				9662700C166E09CB00C44FF5 /* DrawingView.m */,
				96598474167091E200C7B15C /* LineEdit.h */,
				96598475167091E200C7B15C /* LineEdit.m */,
			);
			name = Class;
			sourceTree = "<group>";
		};
		96698324166E06CE007023E9 = {
			isa = PBXGroup;
			children = (
				96698339166E06CE007023E9 /* Rakugaki04 */,
				96698332166E06CE007023E9 /* Frameworks */,
				96698330166E06CE007023E9 /* Products */,
			);
			sourceTree = "<group>";
		};
		96698330166E06CE007023E9 /* Products */ = {
			isa = PBXGroup;
			children = (
				9669832F166E06CE007023E9 /* Rakugaki04.app */,
			);
			name = Products;
			sourceTree = "<group>";
		};
		96698332166E06CE007023E9 /* Frameworks */ = {
			isa = PBXGroup;
			children = (
				96698333166E06CE007023E9 /* UIKit.framework */,
				96698335166E06CE007023E9 /* Foundation.framework */,
				96698337166E06CE007023E9 /* CoreGraphics.framework */,
			);
			name = Frameworks;
			sourceTree = "<group>";
		};
		96698339166E06CE007023E9 /* Rakugaki04 */ = {
			isa = PBXGroup;
			children = (
				9662700A166E09AB00C44FF5 /* Class */,
				96627009166E09A300C44FF5 /* Delegate */,
				96627007166E099E00C44FF5 /* View */,
				9669833A166E06CE007023E9 /* Supporting Files */,
			);
			path = Rakugaki04;
			sourceTree = "<group>";
		};
		9669833A166E06CE007023E9 /* Supporting Files */ = {
			isa = PBXGroup;
			children = (
				9669833B166E06CE007023E9 /* Rakugaki04-Info.plist */,
				9669833C166E06CE007023E9 /* InfoPlist.strings */,
				9669833F166E06CE007023E9 /* main.m */,
				96698341166E06CE007023E9 /* Rakugaki04-Prefix.pch */,
				96698345166E06CE007023E9 /* Default.png */,
				96698347166E06CE007023E9 /* Default@2x.png */,
				96698349166E06CE007023E9 /* Default-568h@2x.png */,
			);
			name = "Supporting Files";
			sourceTree = "<group>";
		};
/* End PBXGroup section */

/* Begin PBXNativeTarget section */
		9669832E166E06CE007023E9 /* Rakugaki04 */ = {
			isa = PBXNativeTarget;
			buildConfigurationList = 96698353166E06CE007023E9 /* Build configuration list for PBXNativeTarget "Rakugaki04" */;
			buildPhases = (
				9669832B166E06CE007023E9 /* Sources */,
				9669832C166E06CE007023E9 /* Frameworks */,
				9669832D166E06CE007023E9 /* Resources */,
			);
			buildRules = (
			);
			dependencies = (
			);
			name = Rakugaki04;
			productName = Rakugaki04;
			productReference = 9669832F166E06CE007023E9 /* Rakugaki04.app */;
			productType = "com.apple.product-type.application";
		};
/* End PBXNativeTarget section */

/* Begin PBXProject section */
		96698326166E06CE007023E9 /* Project object */ = {
			isa = PBXProject;
			attributes = {
				LastUpgradeCheck = 0450;
				ORGANIZATIONNAME = kentaro_miura;
			};
			buildConfigurationList = 96698329166E06CE007023E9 /* Build configuration list for PBXProject "Rakugaki04" */;
			compatibilityVersion = "Xcode 3.2";
			developmentRegion = English;
			hasScannedForEncodings = 0;
			knownRegions = (
				en,
			);
			mainGroup = 96698324166E06CE007023E9;
			productRefGroup = 96698330166E06CE007023E9 /* Products */;
			projectDirPath = "";
			projectRoot = "";
			targets = (
				9669832E166E06CE007023E9 /* Rakugaki04 */,
			);
		};
/* End PBXProject section */

/* Begin PBXResourcesBuildPhase section */
		9669832D166E06CE007023E9 /* Resources */ = {
			isa = PBXResourcesBuildPhase;
			buildActionMask = 2147483647;
			files = (
				9669833E166E06CE007023E9 /* InfoPlist.strings in Resources */,
				96698346166E06CE007023E9 /* Default.png in Resources */,
				96698348166E06CE007023E9 /* Default@2x.png in Resources */,
				9669834A166E06CE007023E9 /* Default-568h@2x.png in Resources */,
				96698350166E06CE007023E9 /* ViewController.xib in Resources */,
			);
			runOnlyForDeploymentPostprocessing = 0;
		};
/* End PBXResourcesBuildPhase section */

/* Begin PBXSourcesBuildPhase section */
		9669832B166E06CE007023E9 /* Sources */ = {
			isa = PBXSourcesBuildPhase;
			buildActionMask = 2147483647;
			files = (
				96698340166E06CE007023E9 /* main.m in Sources */,
				96698344166E06CE007023E9 /* AppDelegate.m in Sources */,
				9669834D166E06CE007023E9 /* ViewController.m in Sources */,
				96598476167091E200C7B15C /* LineEdit.m in Sources */,
			);
			runOnlyForDeploymentPostprocessing = 0;
		};
/* End PBXSourcesBuildPhase section */

/* Begin PBXVariantGroup section */
		9669833C166E06CE007023E9 /* InfoPlist.strings */ = {
			isa = PBXVariantGroup;
			children = (
				9669833D166E06CE007023E9 /* en */,
			);
			name = InfoPlist.strings;
			sourceTree = "<group>";
		};
		9669834E166E06CE007023E9 /* ViewController.xib */ = {
			isa = PBXVariantGroup;
			children = (
				9669834F166E06CE007023E9 /* en */,
			);
			name = ViewController.xib;
			sourceTree = "<group>";
		};
/* End PBXVariantGroup section */

/* Begin XCBuildConfiguration section */
		96698351166E06CE007023E9 /* Debug */ = {
			isa = XCBuildConfiguration;
			buildSettings = {
				ALWAYS_SEARCH_USER_PATHS = NO;
				CLANG_CXX_LANGUAGE_STANDARD = "gnu++0x";
				CLANG_CXX_LIBRARY = "libc++";
				CLANG_WARN_EMPTY_BODY = YES;
				CLANG_WARN__DUPLICATE_METHOD_MATCH = YES;
				"CODE_SIGN_IDENTITY[sdk=iphoneos*]" = "iPhone Developer";
				COPY_PHASE_STRIP = NO;
				GCC_C_LANGUAGE_STANDARD = gnu99;
				GCC_DYNAMIC_NO_PIC = NO;
				GCC_OPTIMIZATION_LEVEL = 0;
				GCC_PREPROCESSOR_DEFINITIONS = (
					"DEBUG=1",
					"$(inherited)",
				);
				GCC_SYMBOLS_PRIVATE_EXTERN = NO;
				GCC_WARN_ABOUT_RETURN_TYPE = YES;
				GCC_WARN_UNINITIALIZED_AUTOS = YES;
				GCC_WARN_UNUSED_VARIABLE = YES;
				IPHONEOS_DEPLOYMENT_TARGET = 6.0;
				ONLY_ACTIVE_ARCH = YES;
				SDKROOT = iphoneos;
			};
			name = Debug;
		};
		96698352166E06CE007023E9 /* Release */ = {
			isa = XCBuildConfiguration;
			buildSettings = {
				ALWAYS_SEARCH_USER_PATHS = NO;
				CLANG_CXX_LANGUAGE_STANDARD = "gnu++0x";
				CLANG_CXX_LIBRARY = "libc++";
				CLANG_WARN_EMPTY_BODY = YES;
				CLANG_WARN__DUPLICATE_METHOD_MATCH = YES;
				"CODE_SIGN_IDENTITY[sdk=iphoneos*]" = "iPhone Developer";
				COPY_PHASE_STRIP = YES;
				GCC_C_LANGUAGE_STANDARD = gnu99;
				GCC_WARN_ABOUT_RETURN_TYPE = YES;
				GCC_WARN_UNINITIALIZED_AUTOS = YES;
				GCC_WARN_UNUSED_VARIABLE = YES;
				IPHONEOS_DEPLOYMENT_TARGET = 6.0;
				OTHER_CFLAGS = "-DNS_BLOCK_ASSERTIONS=1";
				SDKROOT = iphoneos;
				VALIDATE_PRODUCT = YES;
			};
			name = Release;
		};
		96698354166E06CE007023E9 /* Debug */ = {
			isa = XCBuildConfiguration;
			buildSettings = {
				GCC_PRECOMPILE_PREFIX_HEADER = YES;
				GCC_PREFIX_HEADER = "Rakugaki04/Rakugaki04-Prefix.pch";
				INFOPLIST_FILE = "Rakugaki04/Rakugaki04-Info.plist";
				PRODUCT_NAME = "$(TARGET_NAME)";
				WRAPPER_EXTENSION = app;
			};
			name = Debug;
		};
		96698355166E06CE007023E9 /* Release */ = {
			isa = XCBuildConfiguration;
			buildSettings = {
				GCC_PRECOMPILE_PREFIX_HEADER = YES;
				GCC_PREFIX_HEADER = "Rakugaki04/Rakugaki04-Prefix.pch";
				INFOPLIST_FILE = "Rakugaki04/Rakugaki04-Info.plist";
				PRODUCT_NAME = "$(TARGET_NAME)";
				WRAPPER_EXTENSION = app;
			};
			name = Release;
		};
/* End XCBuildConfiguration section */

/* Begin XCConfigurationList section */
		96698329166E06CE007023E9 /* Build configuration list for PBXProject "Rakugaki04" */ = {
			isa = XCConfigurationList;
			buildConfigurations = (
				96698351166E06CE007023E9 /* Debug */,
				96698352166E06CE007023E9 /* Release */,
			);
			defaultConfigurationIsVisible = 0;
			defaultConfigurationName = Release;
		};
		96698353166E06CE007023E9 /* Build configuration list for PBXNativeTarget "Rakugaki04" */ = {
			isa = XCConfigurationList;
			buildConfigurations = (
				96698354166E06CE007023E9 /* Debug */,
				96698355166E06CE007023E9 /* Release */,
			);
			defaultConfigurationIsVisible = 0;
			defaultConfigurationName = Release;
		};
/* End XCConfigurationList section */
	};
	rootObject = 96698326166E06CE007023E9 /* Project object */;
}
